
Microsoft Visual Studio Solution File, Format Version 12.00
# Visual Studio Version 17
VisualStudioVersion = 17.4.33403.182
MinimumVisualStudioVersion = 10.0.40219.1
Project("{FAE04EC0-301F-11D3-BF4B-00C04F79EFBC}") = "AsgnLect2", "AsgnLect2\AsgnLect2.csproj", "{CC430400-3969-4E25-AF4F-0DD261F83CBE}"
EndProject
Global
	GlobalSection(SolutionConfigurationPlatforms) = preSolution
		Debug|Any CPU = Debug|Any CPU
		Release|Any CPU = Release|Any CPU
	EndGlobalSection
	GlobalSection(ProjectConfigurationPlatforms) = postSolution
		{CC430400-3969-4E25-AF4F-0DD261F83CBE}.Debug|Any CPU.ActiveCfg = Debug|Any CPU
		{CC430400-3969-4E25-AF4F-0DD261F83CBE}.Debug|Any CPU.Build.0 = Debug|Any CPU
		{CC430400-3969-4E25-AF4F-0DD261F83CBE}.Release|Any CPU.ActiveCfg = Release|Any CPU
		{CC430400-3969-4E25-AF4F-0DD261F83CBE}.Release|Any CPU.Build.0 = Release|Any CPU
	EndGlobalSection
	GlobalSection(SolutionProperties) = preSolution
		HideSolutionNode = FALSE
	EndGlobalSection
	GlobalSection(ExtensibilityGlobals) = postSolution
		SolutionGuid = {06758CF7-F368-4C5E-9FBC-8B6A0B34B8F6}
	EndGlobalSection
EndGlobal
